
Microsoft Visual Studio Solution File, Format Version 12.00
# Visual Studio 15
VisualStudioVersion = 15.0.27004.2006
MinimumVisualStudioVersion = 10.0.40219.1
Project("{FAE04EC0-301F-11D3-BF4B-00C04F79EFBC}") = "EFC_Xamarin.Android", "EFC_Xamarin\EFC_Xamarin.Android\EFC_Xamarin.Android.csproj", "{B3A1452E-285B-4C98-99BA-FE399693A996}"
EndProject
Project("{FAE04EC0-301F-11D3-BF4B-00C04F79EFBC}") = "EFC_Xamarin.UWP", "EFC_Xamarin\EFC_Xamarin.UWP\EFC_Xamarin.UWP.csproj", "{80E49D39-BE36-4C77-9D65-0C9DCDF396C4}"
EndProject
Project("{FAE04EC0-301F-11D3-BF4B-00C04F79EFBC}") = "EFC_Xamarin.iOS", "EFC_Xamarin\EFC_Xamarin.iOS\EFC_Xamarin.iOS.csproj", "{D853A1C1-61A3-4AE9-9A94-28D02DF3FA1B}"
EndProject
Project("{9A19103F-16F7-4668-BE54-9A1E7A4F7556}") = "DAL", "DAL\DAL.csproj", "{7D183C85-9CF7-44C5-B062-3AB0E4C2BA2B}"
EndProject
Project("{9A19103F-16F7-4668-BE54-9A1E7A4F7556}") = "UI", "UI\UI.csproj", "{4467D364-52FD-4748-9236-A6DF3E5FEF7A}"
EndProject
Project("{9A19103F-16F7-4668-BE54-9A1E7A4F7556}") = "BO", "GO\BO.csproj", "{935513F3-45DF-40B1-B4E1-4167115D25D2}"
EndProject
Project("{2150E333-8FDC-42A3-9474-1A3956D46DE8}") = "Solution Items", "Solution Items", "{FA16F5A8-EE7A-4696-8C47-BF296C12B7DC}"
	ProjectSection(SolutionItems) = preProject
		.tfsignore = .tfsignore
	EndProjectSection
EndProject
Project("{2150E333-8FDC-42A3-9474-1A3956D46DE8}") = "Nuget", "Nuget", "{AE4C9E47-10DE-4EED-8CEE-91323BD2E437}"
	ProjectSection(SolutionItems) = preProject
		NuGet.config = NuGet.config
	EndProjectSection
EndProject
Global
	GlobalSection(SolutionConfigurationPlatforms) = preSolution
		Ad-Hoc|Any CPU = Ad-Hoc|Any CPU
		Ad-Hoc|ARM = Ad-Hoc|ARM
		Ad-Hoc|iPhone = Ad-Hoc|iPhone
		Ad-Hoc|iPhoneSimulator = Ad-Hoc|iPhoneSimulator
		Ad-Hoc|x64 = Ad-Hoc|x64
		Ad-Hoc|x86 = Ad-Hoc|x86
		AppStore|Any CPU = AppStore|Any CPU
		AppStore|ARM = AppStore|ARM
		AppStore|iPhone = AppStore|iPhone
		AppStore|iPhoneSimulator = AppStore|iPhoneSimulator
		AppStore|x64 = AppStore|x64
		AppStore|x86 = AppStore|x86
		Debug|Any CPU = Debug|Any CPU
		Debug|ARM = Debug|ARM
		Debug|iPhone = Debug|iPhone
		Debug|iPhoneSimulator = Debug|iPhoneSimulator
		Debug|x64 = Debug|x64
		Debug|x86 = Debug|x86
		Release|Any CPU = Release|Any CPU
		Release|ARM = Release|ARM
		Release|iPhone = Release|iPhone
		Release|iPhoneSimulator = Release|iPhoneSimulator
		Release|x64 = Release|x64
		Release|x86 = Release|x86
	EndGlobalSection
	GlobalSection(ProjectConfigurationPlatforms) = postSolution
		{B3A1452E-285B-4C98-99BA-FE399693A996}.Ad-Hoc|Any CPU.ActiveCfg = Release|Any CPU
		{B3A1452E-285B-4C98-99BA-FE399693A996}.Ad-Hoc|Any CPU.Build.0 = Release|Any CPU
		{B3A1452E-285B-4C98-99BA-FE399693A996}.Ad-Hoc|Any CPU.Deploy.0 = Release|Any CPU
		{B3A1452E-285B-4C98-99BA-FE399693A996}.Ad-Hoc|ARM.ActiveCfg = Release|Any CPU
		{B3A1452E-285B-4C98-99BA-FE399693A996}.Ad-Hoc|ARM.Build.0 = Release|Any CPU
		{B3A1452E-285B-4C98-99BA-FE399693A996}.Ad-Hoc|ARM.Deploy.0 = Release|Any CPU
		{B3A1452E-285B-4C98-99BA-FE399693A996}.Ad-Hoc|iPhone.ActiveCfg = Release|Any CPU
		{B3A1452E-285B-4C98-99BA-FE399693A996}.Ad-Hoc|iPhone.Build.0 = Release|Any CPU
		{B3A1452E-285B-4C98-99BA-FE399693A996}.Ad-Hoc|iPhone.Deploy.0 = Release|Any CPU
		{B3A1452E-285B-4C98-99BA-FE399693A996}.Ad-Hoc|iPhoneSimulator.ActiveCfg = Release|Any CPU
		{B3A1452E-285B-4C98-99BA-FE399693A996}.Ad-Hoc|iPhoneSimulator.Build.0 = Release|Any CPU
		{B3A1452E-285B-4C98-99BA-FE399693A996}.Ad-Hoc|iPhoneSimulator.Deploy.0 = Release|Any CPU
		{B3A1452E-285B-4C98-99BA-FE399693A996}.Ad-Hoc|x64.ActiveCfg = Release|Any CPU
		{B3A1452E-285B-4C98-99BA-FE399693A996}.Ad-Hoc|x64.Build.0 = Release|Any CPU
		{B3A1452E-285B-4C98-99BA-FE399693A996}.Ad-Hoc|x64.Deploy.0 = Release|Any CPU
		{B3A1452E-285B-4C98-99BA-FE399693A996}.Ad-Hoc|x86.ActiveCfg = Release|Any CPU
		{B3A1452E-285B-4C98-99BA-FE399693A996}.Ad-Hoc|x86.Build.0 = Release|Any CPU
		{B3A1452E-285B-4C98-99BA-FE399693A996}.Ad-Hoc|x86.Deploy.0 = Release|Any CPU
		{B3A1452E-285B-4C98-99BA-FE399693A996}.AppStore|Any CPU.ActiveCfg = Release|Any CPU
		{B3A1452E-285B-4C98-99BA-FE399693A996}.AppStore|Any CPU.Build.0 = Release|Any CPU
		{B3A1452E-285B-4C98-99BA-FE399693A996}.AppStore|Any CPU.Deploy.0 = Release|Any CPU
		{B3A1452E-285B-4C98-99BA-FE399693A996}.AppStore|ARM.ActiveCfg = Release|Any CPU
		{B3A1452E-285B-4C98-99BA-FE399693A996}.AppStore|ARM.Build.0 = Release|Any CPU
		{B3A1452E-285B-4C98-99BA-FE399693A996}.AppStore|ARM.Deploy.0 = Release|Any CPU
		{B3A1452E-285B-4C98-99BA-FE399693A996}.AppStore|iPhone.ActiveCfg = Release|Any CPU
		{B3A1452E-285B-4C98-99BA-FE399693A996}.AppStore|iPhone.Build.0 = Release|Any CPU
		{B3A1452E-285B-4C98-99BA-FE399693A996}.AppStore|iPhone.Deploy.0 = Release|Any CPU
		{B3A1452E-285B-4C98-99BA-FE399693A996}.AppStore|iPhoneSimulator.ActiveCfg = Release|Any CPU
		{B3A1452E-285B-4C98-99BA-FE399693A996}.AppStore|iPhoneSimulator.Build.0 = Release|Any CPU
		{B3A1452E-285B-4C98-99BA-FE399693A996}.AppStore|iPhoneSimulator.Deploy.0 = Release|Any CPU
		{B3A1452E-285B-4C98-99BA-FE399693A996}.AppStore|x64.ActiveCfg = Release|Any CPU
		{B3A1452E-285B-4C98-99BA-FE399693A996}.AppStore|x64.Build.0 = Release|Any CPU
		{B3A1452E-285B-4C98-99BA-FE399693A996}.AppStore|x64.Deploy.0 = Release|Any CPU
		{B3A1452E-285B-4C98-99BA-FE399693A996}.AppStore|x86.ActiveCfg = Release|Any CPU
		{B3A1452E-285B-4C98-99BA-FE399693A996}.AppStore|x86.Build.0 = Release|Any CPU
		{B3A1452E-285B-4C98-99BA-FE399693A996}.AppStore|x86.Deploy.0 = Release|Any CPU
		{B3A1452E-285B-4C98-99BA-FE399693A996}.Debug|Any CPU.ActiveCfg = Debug|Any CPU
		{B3A1452E-285B-4C98-99BA-FE399693A996}.Debug|Any CPU.Build.0 = Debug|Any CPU
		{B3A1452E-285B-4C98-99BA-FE399693A996}.Debug|Any CPU.Deploy.0 = Debug|Any CPU
		{B3A1452E-285B-4C98-99BA-FE399693A996}.Debug|ARM.ActiveCfg = Debug|Any CPU
		{B3A1452E-285B-4C98-99BA-FE399693A996}.Debug|ARM.Build.0 = Debug|Any CPU
		{B3A1452E-285B-4C98-99BA-FE399693A996}.Debug|ARM.Deploy.0 = Debug|Any CPU
		{B3A1452E-285B-4C98-99BA-FE399693A996}.Debug|iPhone.ActiveCfg = Debug|Any CPU
		{B3A1452E-285B-4C98-99BA-FE399693A996}.Debug|iPhone.Build.0 = Debug|Any CPU
		{B3A1452E-285B-4C98-99BA-FE399693A996}.Debug|iPhone.Deploy.0 = Debug|Any CPU
		{B3A1452E-285B-4C98-99BA-FE399693A996}.Debug|iPhoneSimulator.ActiveCfg = Debug|Any CPU
		{B3A1452E-285B-4C98-99BA-FE399693A996}.Debug|iPhoneSimulator.Build.0 = Debug|Any CPU
		{B3A1452E-285B-4C98-99BA-FE399693A996}.Debug|iPhoneSimulator.Deploy.0 = Debug|Any CPU
		{B3A1452E-285B-4C98-99BA-FE399693A996}.Debug|x64.ActiveCfg = Debug|Any CPU
		{B3A1452E-285B-4C98-99BA-FE399693A996}.Debug|x64.Build.0 = Debug|Any CPU
		{B3A1452E-285B-4C98-99BA-FE399693A996}.Debug|x64.Deploy.0 = Debug|Any CPU
		{B3A1452E-285B-4C98-99BA-FE399693A996}.Debug|x86.ActiveCfg = Debug|Any CPU
		{B3A1452E-285B-4C98-99BA-FE399693A996}.Debug|x86.Build.0 = Debug|Any CPU
		{B3A1452E-285B-4C98-99BA-FE399693A996}.Debug|x86.Deploy.0 = Debug|Any CPU
		{B3A1452E-285B-4C98-99BA-FE399693A996}.Release|Any CPU.ActiveCfg = Release|Any CPU
		{B3A1452E-285B-4C98-99BA-FE399693A996}.Release|Any CPU.Build.0 = Release|Any CPU
		{B3A1452E-285B-4C98-99BA-FE399693A996}.Release|Any CPU.Deploy.0 = Release|Any CPU
		{B3A1452E-285B-4C98-99BA-FE399693A996}.Release|ARM.ActiveCfg = Release|Any CPU
		{B3A1452E-285B-4C98-99BA-FE399693A996}.Release|ARM.Build.0 = Release|Any CPU
		{B3A1452E-285B-4C98-99BA-FE399693A996}.Release|ARM.Deploy.0 = Release|Any CPU
		{B3A1452E-285B-4C98-99BA-FE399693A996}.Release|iPhone.ActiveCfg = Release|Any CPU
		{B3A1452E-285B-4C98-99BA-FE399693A996}.Release|iPhone.Build.0 = Release|Any CPU
		{B3A1452E-285B-4C98-99BA-FE399693A996}.Release|iPhone.Deploy.0 = Release|Any CPU
		{B3A1452E-285B-4C98-99BA-FE399693A996}.Release|iPhoneSimulator.ActiveCfg = Release|Any CPU
		{B3A1452E-285B-4C98-99BA-FE399693A996}.Release|iPhoneSimulator.Build.0 = Release|Any CPU
		{B3A1452E-285B-4C98-99BA-FE399693A996}.Release|iPhoneSimulator.Deploy.0 = Release|Any CPU
		{B3A1452E-285B-4C98-99BA-FE399693A996}.Release|x64.ActiveCfg = Release|Any CPU
		{B3A1452E-285B-4C98-99BA-FE399693A996}.Release|x64.Build.0 = Release|Any CPU
		{B3A1452E-285B-4C98-99BA-FE399693A996}.Release|x64.Deploy.0 = Release|Any CPU
		{B3A1452E-285B-4C98-99BA-FE399693A996}.Release|x86.ActiveCfg = Release|Any CPU
		{B3A1452E-285B-4C98-99BA-FE399693A996}.Release|x86.Build.0 = Release|Any CPU
		{B3A1452E-285B-4C98-99BA-FE399693A996}.Release|x86.Deploy.0 = Release|Any CPU
		{80E49D39-BE36-4C77-9D65-0C9DCDF396C4}.Ad-Hoc|Any CPU.ActiveCfg = Release|x86
		{80E49D39-BE36-4C77-9D65-0C9DCDF396C4}.Ad-Hoc|Any CPU.Build.0 = Release|x86
		{80E49D39-BE36-4C77-9D65-0C9DCDF396C4}.Ad-Hoc|Any CPU.Deploy.0 = Release|x86
		{80E49D39-BE36-4C77-9D65-0C9DCDF396C4}.Ad-Hoc|ARM.ActiveCfg = Release|ARM
		{80E49D39-BE36-4C77-9D65-0C9DCDF396C4}.Ad-Hoc|ARM.Build.0 = Release|ARM
		{80E49D39-BE36-4C77-9D65-0C9DCDF396C4}.Ad-Hoc|ARM.Deploy.0 = Release|ARM
		{80E49D39-BE36-4C77-9D65-0C9DCDF396C4}.Ad-Hoc|iPhone.ActiveCfg = Release|x86
		{80E49D39-BE36-4C77-9D65-0C9DCDF396C4}.Ad-Hoc|iPhone.Build.0 = Release|x86
		{80E49D39-BE36-4C77-9D65-0C9DCDF396C4}.Ad-Hoc|iPhone.Deploy.0 = Release|x86
		{80E49D39-BE36-4C77-9D65-0C9DCDF396C4}.Ad-Hoc|iPhoneSimulator.ActiveCfg = Release|x86
		{80E49D39-BE36-4C77-9D65-0C9DCDF396C4}.Ad-Hoc|iPhoneSimulator.Build.0 = Release|x86
		{80E49D39-BE36-4C77-9D65-0C9DCDF396C4}.Ad-Hoc|iPhoneSimulator.Deploy.0 = Release|x86
		{80E49D39-BE36-4C77-9D65-0C9DCDF396C4}.Ad-Hoc|x64.ActiveCfg = Release|x64
		{80E49D39-BE36-4C77-9D65-0C9DCDF396C4}.Ad-Hoc|x64.Build.0 = Release|x64
		{80E49D39-BE36-4C77-9D65-0C9DCDF396C4}.Ad-Hoc|x64.Deploy.0 = Release|x64
		{80E49D39-BE36-4C77-9D65-0C9DCDF396C4}.Ad-Hoc|x86.ActiveCfg = Release|x86
		{80E49D39-BE36-4C77-9D65-0C9DCDF396C4}.Ad-Hoc|x86.Build.0 = Release|x86
		{80E49D39-BE36-4C77-9D65-0C9DCDF396C4}.Ad-Hoc|x86.Deploy.0 = Release|x86
		{80E49D39-BE36-4C77-9D65-0C9DCDF396C4}.AppStore|Any CPU.ActiveCfg = Release|x86
		{80E49D39-BE36-4C77-9D65-0C9DCDF396C4}.AppStore|Any CPU.Build.0 = Release|x86
		{80E49D39-BE36-4C77-9D65-0C9DCDF396C4}.AppStore|Any CPU.Deploy.0 = Release|x86
		{80E49D39-BE36-4C77-9D65-0C9DCDF396C4}.AppStore|ARM.ActiveCfg = Release|ARM
		{80E49D39-BE36-4C77-9D65-0C9DCDF396C4}.AppStore|ARM.Build.0 = Release|ARM
		{80E49D39-BE36-4C77-9D65-0C9DCDF396C4}.AppStore|ARM.Deploy.0 = Release|ARM
		{80E49D39-BE36-4C77-9D65-0C9DCDF396C4}.AppStore|iPhone.ActiveCfg = Release|x86
		{80E49D39-BE36-4C77-9D65-0C9DCDF396C4}.AppStore|iPhone.Build.0 = Release|x86
		{80E49D39-BE36-4C77-9D65-0C9DCDF396C4}.AppStore|iPhone.Deploy.0 = Release|x86
		{80E49D39-BE36-4C77-9D65-0C9DCDF396C4}.AppStore|iPhoneSimulator.ActiveCfg = Release|x86
		{80E49D39-BE36-4C77-9D65-0C9DCDF396C4}.AppStore|iPhoneSimulator.Build.0 = Release|x86
		{80E49D39-BE36-4C77-9D65-0C9DCDF396C4}.AppStore|iPhoneSimulator.Deploy.0 = Release|x86
		{80E49D39-BE36-4C77-9D65-0C9DCDF396C4}.AppStore|x64.ActiveCfg = Release|x64
		{80E49D39-BE36-4C77-9D65-0C9DCDF396C4}.AppStore|x64.Build.0 = Release|x64
		{80E49D39-BE36-4C77-9D65-0C9DCDF396C4}.AppStore|x64.Deploy.0 = Release|x64
		{80E49D39-BE36-4C77-9D65-0C9DCDF396C4}.AppStore|x86.ActiveCfg = Release|x86
		{80E49D39-BE36-4C77-9D65-0C9DCDF396C4}.AppStore|x86.Build.0 = Release|x86
		{80E49D39-BE36-4C77-9D65-0C9DCDF396C4}.AppStore|x86.Deploy.0 = Release|x86
		{80E49D39-BE36-4C77-9D65-0C9DCDF396C4}.Debug|Any CPU.ActiveCfg = Debug|x86
		{80E49D39-BE36-4C77-9D65-0C9DCDF396C4}.Debug|ARM.ActiveCfg = Debug|ARM
		{80E49D39-BE36-4C77-9D65-0C9DCDF396C4}.Debug|ARM.Build.0 = Debug|ARM
		{80E49D39-BE36-4C77-9D65-0C9DCDF396C4}.Debug|ARM.Deploy.0 = Debug|ARM
		{80E49D39-BE36-4C77-9D65-0C9DCDF396C4}.Debug|iPhone.ActiveCfg = Debug|x86
		{80E49D39-BE36-4C77-9D65-0C9DCDF396C4}.Debug|iPhoneSimulator.ActiveCfg = Debug|x86
		{80E49D39-BE36-4C77-9D65-0C9DCDF396C4}.Debug|x64.ActiveCfg = Debug|x64
		{80E49D39-BE36-4C77-9D65-0C9DCDF396C4}.Debug|x64.Build.0 = Debug|x64
		{80E49D39-BE36-4C77-9D65-0C9DCDF396C4}.Debug|x64.Deploy.0 = Debug|x64
		{80E49D39-BE36-4C77-9D65-0C9DCDF396C4}.Debug|x86.ActiveCfg = Debug|x86
		{80E49D39-BE36-4C77-9D65-0C9DCDF396C4}.Debug|x86.Build.0 = Debug|x86
		{80E49D39-BE36-4C77-9D65-0C9DCDF396C4}.Debug|x86.Deploy.0 = Debug|x86
		{80E49D39-BE36-4C77-9D65-0C9DCDF396C4}.Release|Any CPU.ActiveCfg = Release|x86
		{80E49D39-BE36-4C77-9D65-0C9DCDF396C4}.Release|ARM.ActiveCfg = Release|ARM
		{80E49D39-BE36-4C77-9D65-0C9DCDF396C4}.Release|ARM.Build.0 = Release|ARM
		{80E49D39-BE36-4C77-9D65-0C9DCDF396C4}.Release|ARM.Deploy.0 = Release|ARM
		{80E49D39-BE36-4C77-9D65-0C9DCDF396C4}.Release|iPhone.ActiveCfg = Release|x86
		{80E49D39-BE36-4C77-9D65-0C9DCDF396C4}.Release|iPhoneSimulator.ActiveCfg = Release|x86
		{80E49D39-BE36-4C77-9D65-0C9DCDF396C4}.Release|x64.ActiveCfg = Release|x64
		{80E49D39-BE36-4C77-9D65-0C9DCDF396C4}.Release|x64.Build.0 = Release|x64
		{80E49D39-BE36-4C77-9D65-0C9DCDF396C4}.Release|x64.Deploy.0 = Release|x64
		{80E49D39-BE36-4C77-9D65-0C9DCDF396C4}.Release|x86.ActiveCfg = Release|x86
		{80E49D39-BE36-4C77-9D65-0C9DCDF396C4}.Release|x86.Build.0 = Release|x86
		{80E49D39-BE36-4C77-9D65-0C9DCDF396C4}.Release|x86.Deploy.0 = Release|x86
		{D853A1C1-61A3-4AE9-9A94-28D02DF3FA1B}.Ad-Hoc|Any CPU.ActiveCfg = Ad-Hoc|iPhone
		{D853A1C1-61A3-4AE9-9A94-28D02DF3FA1B}.Ad-Hoc|ARM.ActiveCfg = Ad-Hoc|iPhone
		{D853A1C1-61A3-4AE9-9A94-28D02DF3FA1B}.Ad-Hoc|iPhone.ActiveCfg = Ad-Hoc|iPhone
		{D853A1C1-61A3-4AE9-9A94-28D02DF3FA1B}.Ad-Hoc|iPhone.Build.0 = Ad-Hoc|iPhone
		{D853A1C1-61A3-4AE9-9A94-28D02DF3FA1B}.Ad-Hoc|iPhoneSimulator.ActiveCfg = Ad-Hoc|iPhoneSimulator
		{D853A1C1-61A3-4AE9-9A94-28D02DF3FA1B}.Ad-Hoc|iPhoneSimulator.Build.0 = Ad-Hoc|iPhoneSimulator
		{D853A1C1-61A3-4AE9-9A94-28D02DF3FA1B}.Ad-Hoc|x64.ActiveCfg = Ad-Hoc|iPhone
		{D853A1C1-61A3-4AE9-9A94-28D02DF3FA1B}.Ad-Hoc|x86.ActiveCfg = Ad-Hoc|iPhone
		{D853A1C1-61A3-4AE9-9A94-28D02DF3FA1B}.AppStore|Any CPU.ActiveCfg = AppStore|iPhone
		{D853A1C1-61A3-4AE9-9A94-28D02DF3FA1B}.AppStore|ARM.ActiveCfg = AppStore|iPhone
		{D853A1C1-61A3-4AE9-9A94-28D02DF3FA1B}.AppStore|iPhone.ActiveCfg = AppStore|iPhone
		{D853A1C1-61A3-4AE9-9A94-28D02DF3FA1B}.AppStore|iPhone.Build.0 = AppStore|iPhone
		{D853A1C1-61A3-4AE9-9A94-28D02DF3FA1B}.AppStore|iPhoneSimulator.ActiveCfg = AppStore|iPhoneSimulator
		{D853A1C1-61A3-4AE9-9A94-28D02DF3FA1B}.AppStore|iPhoneSimulator.Build.0 = AppStore|iPhoneSimulator
		{D853A1C1-61A3-4AE9-9A94-28D02DF3FA1B}.AppStore|x64.ActiveCfg = AppStore|iPhone
		{D853A1C1-61A3-4AE9-9A94-28D02DF3FA1B}.AppStore|x86.ActiveCfg = AppStore|iPhone
		{D853A1C1-61A3-4AE9-9A94-28D02DF3FA1B}.Debug|Any CPU.ActiveCfg = Debug|iPhone
		{D853A1C1-61A3-4AE9-9A94-28D02DF3FA1B}.Debug|ARM.ActiveCfg = Debug|iPhone
		{D853A1C1-61A3-4AE9-9A94-28D02DF3FA1B}.Debug|iPhone.ActiveCfg = Debug|iPhone
		{D853A1C1-61A3-4AE9-9A94-28D02DF3FA1B}.Debug|iPhone.Build.0 = Debug|iPhone
		{D853A1C1-61A3-4AE9-9A94-28D02DF3FA1B}.Debug|iPhoneSimulator.ActiveCfg = Debug|iPhoneSimulator
		{D853A1C1-61A3-4AE9-9A94-28D02DF3FA1B}.Debug|iPhoneSimulator.Build.0 = Debug|iPhoneSimulator
		{D853A1C1-61A3-4AE9-9A94-28D02DF3FA1B}.Debug|x64.ActiveCfg = Debug|iPhone
		{D853A1C1-61A3-4AE9-9A94-28D02DF3FA1B}.Debug|x86.ActiveCfg = Debug|iPhone
		{D853A1C1-61A3-4AE9-9A94-28D02DF3FA1B}.Release|Any CPU.ActiveCfg = Release|iPhone
		{D853A1C1-61A3-4AE9-9A94-28D02DF3FA1B}.Release|ARM.ActiveCfg = Release|iPhone
		{D853A1C1-61A3-4AE9-9A94-28D02DF3FA1B}.Release|iPhone.ActiveCfg = Release|iPhone
		{D853A1C1-61A3-4AE9-9A94-28D02DF3FA1B}.Release|iPhone.Build.0 = Release|iPhone
		{D853A1C1-61A3-4AE9-9A94-28D02DF3FA1B}.Release|iPhoneSimulator.ActiveCfg = Release|iPhoneSimulator
		{D853A1C1-61A3-4AE9-9A94-28D02DF3FA1B}.Release|iPhoneSimulator.Build.0 = Release|iPhoneSimulator
		{D853A1C1-61A3-4AE9-9A94-28D02DF3FA1B}.Release|x64.ActiveCfg = Release|iPhone
		{D853A1C1-61A3-4AE9-9A94-28D02DF3FA1B}.Release|x86.ActiveCfg = Release|iPhone
		{7D183C85-9CF7-44C5-B062-3AB0E4C2BA2B}.Ad-Hoc|Any CPU.ActiveCfg = Debug|Any CPU
		{7D183C85-9CF7-44C5-B062-3AB0E4C2BA2B}.Ad-Hoc|Any CPU.Build.0 = Debug|Any CPU
		{7D183C85-9CF7-44C5-B062-3AB0E4C2BA2B}.Ad-Hoc|ARM.ActiveCfg = Debug|Any CPU
		{7D183C85-9CF7-44C5-B062-3AB0E4C2BA2B}.Ad-Hoc|ARM.Build.0 = Debug|Any CPU
		{7D183C85-9CF7-44C5-B062-3AB0E4C2BA2B}.Ad-Hoc|iPhone.ActiveCfg = Debug|Any CPU
		{7D183C85-9CF7-44C5-B062-3AB0E4C2BA2B}.Ad-Hoc|iPhone.Build.0 = Debug|Any CPU
		{7D183C85-9CF7-44C5-B062-3AB0E4C2BA2B}.Ad-Hoc|iPhoneSimulator.ActiveCfg = Debug|Any CPU
		{7D183C85-9CF7-44C5-B062-3AB0E4C2BA2B}.Ad-Hoc|iPhoneSimulator.Build.0 = Debug|Any CPU
		{7D183C85-9CF7-44C5-B062-3AB0E4C2BA2B}.Ad-Hoc|x64.ActiveCfg = Debug|Any CPU
		{7D183C85-9CF7-44C5-B062-3AB0E4C2BA2B}.Ad-Hoc|x64.Build.0 = Debug|Any CPU
		{7D183C85-9CF7-44C5-B062-3AB0E4C2BA2B}.Ad-Hoc|x86.ActiveCfg = Debug|Any CPU
		{7D183C85-9CF7-44C5-B062-3AB0E4C2BA2B}.Ad-Hoc|x86.Build.0 = Debug|Any CPU
		{7D183C85-9CF7-44C5-B062-3AB0E4C2BA2B}.AppStore|Any CPU.ActiveCfg = Debug|Any CPU
		{7D183C85-9CF7-44C5-B062-3AB0E4C2BA2B}.AppStore|Any CPU.Build.0 = Debug|Any CPU
		{7D183C85-9CF7-44C5-B062-3AB0E4C2BA2B}.AppStore|ARM.ActiveCfg = Debug|Any CPU
		{7D183C85-9CF7-44C5-B062-3AB0E4C2BA2B}.AppStore|ARM.Build.0 = Debug|Any CPU
		{7D183C85-9CF7-44C5-B062-3AB0E4C2BA2B}.AppStore|iPhone.ActiveCfg = Debug|Any CPU
		{7D183C85-9CF7-44C5-B062-3AB0E4C2BA2B}.AppStore|iPhone.Build.0 = Debug|Any CPU
		{7D183C85-9CF7-44C5-B062-3AB0E4C2BA2B}.AppStore|iPhoneSimulator.ActiveCfg = Debug|Any CPU
		{7D183C85-9CF7-44C5-B062-3AB0E4C2BA2B}.AppStore|iPhoneSimulator.Build.0 = Debug|Any CPU
		{7D183C85-9CF7-44C5-B062-3AB0E4C2BA2B}.AppStore|x64.ActiveCfg = Debug|Any CPU
		{7D183C85-9CF7-44C5-B062-3AB0E4C2BA2B}.AppStore|x64.Build.0 = Debug|Any CPU
		{7D183C85-9CF7-44C5-B062-3AB0E4C2BA2B}.AppStore|x86.ActiveCfg = Debug|Any CPU
		{7D183C85-9CF7-44C5-B062-3AB0E4C2BA2B}.AppStore|x86.Build.0 = Debug|Any CPU
		{7D183C85-9CF7-44C5-B062-3AB0E4C2BA2B}.Debug|Any CPU.ActiveCfg = Debug|Any CPU
		{7D183C85-9CF7-44C5-B062-3AB0E4C2BA2B}.Debug|Any CPU.Build.0 = Debug|Any CPU
		{7D183C85-9CF7-44C5-B062-3AB0E4C2BA2B}.Debug|ARM.ActiveCfg = Debug|Any CPU
		{7D183C85-9CF7-44C5-B062-3AB0E4C2BA2B}.Debug|ARM.Build.0 = Debug|Any CPU
		{7D183C85-9CF7-44C5-B062-3AB0E4C2BA2B}.Debug|iPhone.ActiveCfg = Debug|Any CPU
		{7D183C85-9CF7-44C5-B062-3AB0E4C2BA2B}.Debug|iPhone.Build.0 = Debug|Any CPU
		{7D183C85-9CF7-44C5-B062-3AB0E4C2BA2B}.Debug|iPhoneSimulator.ActiveCfg = Debug|Any CPU
		{7D183C85-9CF7-44C5-B062-3AB0E4C2BA2B}.Debug|iPhoneSimulator.Build.0 = Debug|Any CPU
		{7D183C85-9CF7-44C5-B062-3AB0E4C2BA2B}.Debug|x64.ActiveCfg = Debug|Any CPU
		{7D183C85-9CF7-44C5-B062-3AB0E4C2BA2B}.Debug|x64.Build.0 = Debug|Any CPU
		{7D183C85-9CF7-44C5-B062-3AB0E4C2BA2B}.Debug|x86.ActiveCfg = Debug|Any CPU
		{7D183C85-9CF7-44C5-B062-3AB0E4C2BA2B}.Debug|x86.Build.0 = Debug|Any CPU
		{7D183C85-9CF7-44C5-B062-3AB0E4C2BA2B}.Release|Any CPU.ActiveCfg = Release|Any CPU
		{7D183C85-9CF7-44C5-B062-3AB0E4C2BA2B}.Release|Any CPU.Build.0 = Release|Any CPU
		{7D183C85-9CF7-44C5-B062-3AB0E4C2BA2B}.Release|ARM.ActiveCfg = Release|Any CPU
		{7D183C85-9CF7-44C5-B062-3AB0E4C2BA2B}.Release|ARM.Build.0 = Release|Any CPU
		{7D183C85-9CF7-44C5-B062-3AB0E4C2BA2B}.Release|iPhone.ActiveCfg = Release|Any CPU
		{7D183C85-9CF7-44C5-B062-3AB0E4C2BA2B}.Release|iPhone.Build.0 = Release|Any CPU
		{7D183C85-9CF7-44C5-B062-3AB0E4C2BA2B}.Release|iPhoneSimulator.ActiveCfg = Release|Any CPU
		{7D183C85-9CF7-44C5-B062-3AB0E4C2BA2B}.Release|iPhoneSimulator.Build.0 = Release|Any CPU
		{7D183C85-9CF7-44C5-B062-3AB0E4C2BA2B}.Release|x64.ActiveCfg = Release|Any CPU
		{7D183C85-9CF7-44C5-B062-3AB0E4C2BA2B}.Release|x64.Build.0 = Release|Any CPU
		{7D183C85-9CF7-44C5-B062-3AB0E4C2BA2B}.Release|x86.ActiveCfg = Release|Any CPU
		{7D183C85-9CF7-44C5-B062-3AB0E4C2BA2B}.Release|x86.Build.0 = Release|Any CPU
		{4467D364-52FD-4748-9236-A6DF3E5FEF7A}.Ad-Hoc|Any CPU.ActiveCfg = Debug|Any CPU
		{4467D364-52FD-4748-9236-A6DF3E5FEF7A}.Ad-Hoc|Any CPU.Build.0 = Debug|Any CPU
		{4467D364-52FD-4748-9236-A6DF3E5FEF7A}.Ad-Hoc|ARM.ActiveCfg = Debug|Any CPU
		{4467D364-52FD-4748-9236-A6DF3E5FEF7A}.Ad-Hoc|ARM.Build.0 = Debug|Any CPU
		{4467D364-52FD-4748-9236-A6DF3E5FEF7A}.Ad-Hoc|iPhone.ActiveCfg = Debug|Any CPU
		{4467D364-52FD-4748-9236-A6DF3E5FEF7A}.Ad-Hoc|iPhone.Build.0 = Debug|Any CPU
		{4467D364-52FD-4748-9236-A6DF3E5FEF7A}.Ad-Hoc|iPhoneSimulator.ActiveCfg = Debug|Any CPU
		{4467D364-52FD-4748-9236-A6DF3E5FEF7A}.Ad-Hoc|iPhoneSimulator.Build.0 = Debug|Any CPU
		{4467D364-52FD-4748-9236-A6DF3E5FEF7A}.Ad-Hoc|x64.ActiveCfg = Debug|Any CPU
		{4467D364-52FD-4748-9236-A6DF3E5FEF7A}.Ad-Hoc|x64.Build.0 = Debug|Any CPU
		{4467D364-52FD-4748-9236-A6DF3E5FEF7A}.Ad-Hoc|x86.ActiveCfg = Debug|Any CPU
		{4467D364-52FD-4748-9236-A6DF3E5FEF7A}.Ad-Hoc|x86.Build.0 = Debug|Any CPU
		{4467D364-52FD-4748-9236-A6DF3E5FEF7A}.AppStore|Any CPU.ActiveCfg = Debug|Any CPU
		{4467D364-52FD-4748-9236-A6DF3E5FEF7A}.AppStore|Any CPU.Build.0 = Debug|Any CPU
		{4467D364-52FD-4748-9236-A6DF3E5FEF7A}.AppStore|ARM.ActiveCfg = Debug|Any CPU
		{4467D364-52FD-4748-9236-A6DF3E5FEF7A}.AppStore|ARM.Build.0 = Debug|Any CPU
		{4467D364-52FD-4748-9236-A6DF3E5FEF7A}.AppStore|iPhone.ActiveCfg = Debug|Any CPU
		{4467D364-52FD-4748-9236-A6DF3E5FEF7A}.AppStore|iPhone.Build.0 = Debug|Any CPU
		{4467D364-52FD-4748-9236-A6DF3E5FEF7A}.AppStore|iPhoneSimulator.ActiveCfg = Debug|Any CPU
		{4467D364-52FD-4748-9236-A6DF3E5FEF7A}.AppStore|iPhoneSimulator.Build.0 = Debug|Any CPU
		{4467D364-52FD-4748-9236-A6DF3E5FEF7A}.AppStore|x64.ActiveCfg = Debug|Any CPU
		{4467D364-52FD-4748-9236-A6DF3E5FEF7A}.AppStore|x64.Build.0 = Debug|Any CPU
		{4467D364-52FD-4748-9236-A6DF3E5FEF7A}.AppStore|x86.ActiveCfg = Debug|Any CPU
		{4467D364-52FD-4748-9236-A6DF3E5FEF7A}.AppStore|x86.Build.0 = Debug|Any CPU
		{4467D364-52FD-4748-9236-A6DF3E5FEF7A}.Debug|Any CPU.ActiveCfg = Debug|Any CPU
		{4467D364-52FD-4748-9236-A6DF3E5FEF7A}.Debug|Any CPU.Build.0 = Debug|Any CPU
		{4467D364-52FD-4748-9236-A6DF3E5FEF7A}.Debug|ARM.ActiveCfg = Debug|Any CPU
		{4467D364-52FD-4748-9236-A6DF3E5FEF7A}.Debug|ARM.Build.0 = Debug|Any CPU
		{4467D364-52FD-4748-9236-A6DF3E5FEF7A}.Debug|iPhone.ActiveCfg = Debug|Any CPU
		{4467D364-52FD-4748-9236-A6DF3E5FEF7A}.Debug|iPhone.Build.0 = Debug|Any CPU
		{4467D364-52FD-4748-9236-A6DF3E5FEF7A}.Debug|iPhoneSimulator.ActiveCfg = Debug|Any CPU
		{4467D364-52FD-4748-9236-A6DF3E5FEF7A}.Debug|iPhoneSimulator.Build.0 = Debug|Any CPU
		{4467D364-52FD-4748-9236-A6DF3E5FEF7A}.Debug|x64.ActiveCfg = Debug|Any CPU
		{4467D364-52FD-4748-9236-A6DF3E5FEF7A}.Debug|x64.Build.0 = Debug|Any CPU
		{4467D364-52FD-4748-9236-A6DF3E5FEF7A}.Debug|x86.ActiveCfg = Debug|Any CPU
		{4467D364-52FD-4748-9236-A6DF3E5FEF7A}.Debug|x86.Build.0 = Debug|Any CPU
		{4467D364-52FD-4748-9236-A6DF3E5FEF7A}.Release|Any CPU.ActiveCfg = Release|Any CPU
		{4467D364-52FD-4748-9236-A6DF3E5FEF7A}.Release|Any CPU.Build.0 = Release|Any CPU
		{4467D364-52FD-4748-9236-A6DF3E5FEF7A}.Release|ARM.ActiveCfg = Release|Any CPU
		{4467D364-52FD-4748-9236-A6DF3E5FEF7A}.Release|ARM.Build.0 = Release|Any CPU
		{4467D364-52FD-4748-9236-A6DF3E5FEF7A}.Release|iPhone.ActiveCfg = Release|Any CPU
		{4467D364-52FD-4748-9236-A6DF3E5FEF7A}.Release|iPhone.Build.0 = Release|Any CPU
		{4467D364-52FD-4748-9236-A6DF3E5FEF7A}.Release|iPhoneSimulator.ActiveCfg = Release|Any CPU
		{4467D364-52FD-4748-9236-A6DF3E5FEF7A}.Release|iPhoneSimulator.Build.0 = Release|Any CPU
		{4467D364-52FD-4748-9236-A6DF3E5FEF7A}.Release|x64.ActiveCfg = Release|Any CPU
		{4467D364-52FD-4748-9236-A6DF3E5FEF7A}.Release|x64.Build.0 = Release|Any CPU
		{4467D364-52FD-4748-9236-A6DF3E5FEF7A}.Release|x86.ActiveCfg = Release|Any CPU
		{4467D364-52FD-4748-9236-A6DF3E5FEF7A}.Release|x86.Build.0 = Release|Any CPU
		{935513F3-45DF-40B1-B4E1-4167115D25D2}.Ad-Hoc|Any CPU.ActiveCfg = Debug|Any CPU
		{935513F3-45DF-40B1-B4E1-4167115D25D2}.Ad-Hoc|Any CPU.Build.0 = Debug|Any CPU
		{935513F3-45DF-40B1-B4E1-4167115D25D2}.Ad-Hoc|ARM.ActiveCfg = Debug|Any CPU
		{935513F3-45DF-40B1-B4E1-4167115D25D2}.Ad-Hoc|ARM.Build.0 = Debug|Any CPU
		{935513F3-45DF-40B1-B4E1-4167115D25D2}.Ad-Hoc|iPhone.ActiveCfg = Debug|Any CPU
		{935513F3-45DF-40B1-B4E1-4167115D25D2}.Ad-Hoc|iPhone.Build.0 = Debug|Any CPU
		{935513F3-45DF-40B1-B4E1-4167115D25D2}.Ad-Hoc|iPhoneSimulator.ActiveCfg = Debug|Any CPU
		{935513F3-45DF-40B1-B4E1-4167115D25D2}.Ad-Hoc|iPhoneSimulator.Build.0 = Debug|Any CPU
		{935513F3-45DF-40B1-B4E1-4167115D25D2}.Ad-Hoc|x64.ActiveCfg = Debug|Any CPU
		{935513F3-45DF-40B1-B4E1-4167115D25D2}.Ad-Hoc|x64.Build.0 = Debug|Any CPU
		{935513F3-45DF-40B1-B4E1-4167115D25D2}.Ad-Hoc|x86.ActiveCfg = Debug|Any CPU
		{935513F3-45DF-40B1-B4E1-4167115D25D2}.Ad-Hoc|x86.Build.0 = Debug|Any CPU
		{935513F3-45DF-40B1-B4E1-4167115D25D2}.AppStore|Any CPU.ActiveCfg = Debug|Any CPU
		{935513F3-45DF-40B1-B4E1-4167115D25D2}.AppStore|Any CPU.Build.0 = Debug|Any CPU
		{935513F3-45DF-40B1-B4E1-4167115D25D2}.AppStore|ARM.ActiveCfg = Debug|Any CPU
		{935513F3-45DF-40B1-B4E1-4167115D25D2}.AppStore|ARM.Build.0 = Debug|Any CPU
		{935513F3-45DF-40B1-B4E1-4167115D25D2}.AppStore|iPhone.ActiveCfg = Debug|Any CPU
		{935513F3-45DF-40B1-B4E1-4167115D25D2}.AppStore|iPhone.Build.0 = Debug|Any CPU
		{935513F3-45DF-40B1-B4E1-4167115D25D2}.AppStore|iPhoneSimulator.ActiveCfg = Debug|Any CPU
		{935513F3-45DF-40B1-B4E1-4167115D25D2}.AppStore|iPhoneSimulator.Build.0 = Debug|Any CPU
		{935513F3-45DF-40B1-B4E1-4167115D25D2}.AppStore|x64.ActiveCfg = Debug|Any CPU
		{935513F3-45DF-40B1-B4E1-4167115D25D2}.AppStore|x64.Build.0 = Debug|Any CPU
		{935513F3-45DF-40B1-B4E1-4167115D25D2}.AppStore|x86.ActiveCfg = Debug|Any CPU
		{935513F3-45DF-40B1-B4E1-4167115D25D2}.AppStore|x86.Build.0 = Debug|Any CPU
		{935513F3-45DF-40B1-B4E1-4167115D25D2}.Debug|Any CPU.ActiveCfg = Debug|Any CPU
		{935513F3-45DF-40B1-B4E1-4167115D25D2}.Debug|Any CPU.Build.0 = Debug|Any CPU
		{935513F3-45DF-40B1-B4E1-4167115D25D2}.Debug|ARM.ActiveCfg = Debug|Any CPU
		{935513F3-45DF-40B1-B4E1-4167115D25D2}.Debug|ARM.Build.0 = Debug|Any CPU
		{935513F3-45DF-40B1-B4E1-4167115D25D2}.Debug|iPhone.ActiveCfg = Debug|Any CPU
		{935513F3-45DF-40B1-B4E1-4167115D25D2}.Debug|iPhone.Build.0 = Debug|Any CPU
		{935513F3-45DF-40B1-B4E1-4167115D25D2}.Debug|iPhoneSimulator.ActiveCfg = Debug|Any CPU
		{935513F3-45DF-40B1-B4E1-4167115D25D2}.Debug|iPhoneSimulator.Build.0 = Debug|Any CPU
		{935513F3-45DF-40B1-B4E1-4167115D25D2}.Debug|x64.ActiveCfg = Debug|Any CPU
		{935513F3-45DF-40B1-B4E1-4167115D25D2}.Debug|x64.Build.0 = Debug|Any CPU
		{935513F3-45DF-40B1-B4E1-4167115D25D2}.Debug|x86.ActiveCfg = Debug|Any CPU
		{935513F3-45DF-40B1-B4E1-4167115D25D2}.Debug|x86.Build.0 = Debug|Any CPU
		{935513F3-45DF-40B1-B4E1-4167115D25D2}.Release|Any CPU.ActiveCfg = Release|Any CPU
		{935513F3-45DF-40B1-B4E1-4167115D25D2}.Release|Any CPU.Build.0 = Release|Any CPU
		{935513F3-45DF-40B1-B4E1-4167115D25D2}.Release|ARM.ActiveCfg = Release|Any CPU
		{935513F3-45DF-40B1-B4E1-4167115D25D2}.Release|ARM.Build.0 = Release|Any CPU
		{935513F3-45DF-40B1-B4E1-4167115D25D2}.Release|iPhone.ActiveCfg = Release|Any CPU
		{935513F3-45DF-40B1-B4E1-4167115D25D2}.Release|iPhone.Build.0 = Release|Any CPU
		{935513F3-45DF-40B1-B4E1-4167115D25D2}.Release|iPhoneSimulator.ActiveCfg = Release|Any CPU
		{935513F3-45DF-40B1-B4E1-4167115D25D2}.Release|iPhoneSimulator.Build.0 = Release|Any CPU
		{935513F3-45DF-40B1-B4E1-4167115D25D2}.Release|x64.ActiveCfg = Release|Any CPU
		{935513F3-45DF-40B1-B4E1-4167115D25D2}.Release|x64.Build.0 = Release|Any CPU
		{935513F3-45DF-40B1-B4E1-4167115D25D2}.Release|x86.ActiveCfg = Release|Any CPU
		{935513F3-45DF-40B1-B4E1-4167115D25D2}.Release|x86.Build.0 = Release|Any CPU
	EndGlobalSection
	GlobalSection(SolutionProperties) = preSolution
		HideSolutionNode = FALSE
	EndGlobalSection
	GlobalSection(NestedProjects) = preSolution
		{AE4C9E47-10DE-4EED-8CEE-91323BD2E437} = {FA16F5A8-EE7A-4696-8C47-BF296C12B7DC}
	EndGlobalSection
	GlobalSection(ExtensibilityGlobals) = postSolution
		SolutionGuid = {C5621273-7389-4D04-A2B4-2F8D9CFB7C27}
	EndGlobalSection
	GlobalSection(TeamFoundationVersionControl) = preSolution
		SccNumberOfProjects = 7
		SccEnterpriseProvider = {4CA58AB2-18FA-4F8D-95D4-32DDF27D184C}
		SccTeamFoundationServer = https://it-visions.visualstudio.com/
		SccLocalPath0 = .
		SccProjectUniqueName1 = EFC_Xamarin\\EFC_Xamarin.Android\\EFC_Xamarin.Android.csproj
		SccProjectName1 = EFC_Xamarin/EFC_Xamarin.Android
		SccLocalPath1 = EFC_Xamarin\\EFC_Xamarin.Android
		SccProjectUniqueName2 = EFC_Xamarin\\EFC_Xamarin.iOS\\EFC_Xamarin.iOS.csproj
		SccProjectName2 = EFC_Xamarin/EFC_Xamarin.iOS
		SccLocalPath2 = EFC_Xamarin\\EFC_Xamarin.iOS
		SccProjectUniqueName3 = EFC_Xamarin\\EFC_Xamarin.UWP\\EFC_Xamarin.UWP.csproj
		SccProjectName3 = EFC_Xamarin/EFC_Xamarin.UWP
		SccLocalPath3 = EFC_Xamarin\\EFC_Xamarin.UWP
		SccProjectUniqueName4 = DAL\\DAL.csproj
		SccProjectName4 = DAL
		SccLocalPath4 = DAL
		SccProjectUniqueName5 = UI\\UI.csproj
		SccProjectName5 = UI
		SccLocalPath5 = UI
		SccProjectUniqueName6 = GO\\BO.csproj
		SccProjectName6 = GO
		SccLocalPath6 = GO
	EndGlobalSection
EndGlobal
