
Microsoft Visual Studio Solution File, Format Version 12.00
# Visual Studio 15
VisualStudioVersion = 15.0.27110.0
MinimumVisualStudioVersion = 10.0.40219.1
Project("{FAE04EC0-301F-11D3-BF4B-00C04F79EFBC}") = "EFC_EntityDeveloper", "..\EFC_EntityDeveloper\EFC_EntityDeveloper.csproj", "{3F178A6E-A4BB-4956-86E9-4184D7AC8326}"
EndProject
Global
	GlobalSection(SolutionConfigurationPlatforms) = preSolution
		Debug|Any CPU = Debug|Any CPU
		Release|Any CPU = Release|Any CPU
	EndGlobalSection
	GlobalSection(ProjectConfigurationPlatforms) = postSolution
		{3F178A6E-A4BB-4956-86E9-4184D7AC8326}.Debug|Any CPU.ActiveCfg = Debug|Any CPU
		{3F178A6E-A4BB-4956-86E9-4184D7AC8326}.Debug|Any CPU.Build.0 = Debug|Any CPU
		{3F178A6E-A4BB-4956-86E9-4184D7AC8326}.Release|Any CPU.ActiveCfg = Release|Any CPU
		{3F178A6E-A4BB-4956-86E9-4184D7AC8326}.Release|Any CPU.Build.0 = Release|Any CPU
	EndGlobalSection
	GlobalSection(SolutionProperties) = preSolution
		HideSolutionNode = FALSE
	EndGlobalSection
	GlobalSection(ExtensibilityGlobals) = postSolution
		SolutionGuid = {789A73EB-73FA-4F2E-AE8C-546E183DC11B}
	EndGlobalSection
	GlobalSection(TeamFoundationVersionControl) = preSolution
		SccNumberOfProjects = 2
		SccEnterpriseProvider = {4CA58AB2-18FA-4F8D-95D4-32DDF27D184C}
		SccTeamFoundationServer = https://it-visions.visualstudio.com/
		SccProjectUniqueName0 = ..\\EFC_EntityDeveloper\\EFC_EntityDeveloper.csproj
		SccProjectName0 = ../EFC_EntityDeveloper
		SccLocalPath0 = ..\\EFC_EntityDeveloper
		SccLocalPath1 = .
	EndGlobalSection
EndGlobal
